
Microsoft Visual Studio Solution File, Format Version 12.00
Project("{FAE04EC0-301F-11D3-BF4B-00C04F79EFBC}") = "IPK25-CHAT", "IPK25-CHAT\IPK25-CHAT.csproj", "{31928114-796E-47A2-A546-906377A7CC84}"
EndProject
Project("{FAE04EC0-301F-11D3-BF4B-00C04F79EFBC}") = "IPK25-CHAT.Tests", "IPK25-CHAT.Tests\IPK25-CHAT.Tests.csproj", "{1BCF045E-D2A4-445A-8731-620A43EC82F4}"
EndProject
Global
	GlobalSection(SolutionConfigurationPlatforms) = preSolution
		Debug|Any CPU = Debug|Any CPU
		Release|Any CPU = Release|Any CPU
	EndGlobalSection
	GlobalSection(ProjectConfigurationPlatforms) = postSolution
		{31928114-796E-47A2-A546-906377A7CC84}.Debug|Any CPU.ActiveCfg = Debug|Any CPU
		{31928114-796E-47A2-A546-906377A7CC84}.Debug|Any CPU.Build.0 = Debug|Any CPU
		{31928114-796E-47A2-A546-906377A7CC84}.Release|Any CPU.ActiveCfg = Release|Any CPU
		{31928114-796E-47A2-A546-906377A7CC84}.Release|Any CPU.Build.0 = Release|Any CPU
		{1BCF045E-D2A4-445A-8731-620A43EC82F4}.Debug|Any CPU.ActiveCfg = Debug|Any CPU
		{1BCF045E-D2A4-445A-8731-620A43EC82F4}.Debug|Any CPU.Build.0 = Debug|Any CPU
		{1BCF045E-D2A4-445A-8731-620A43EC82F4}.Release|Any CPU.ActiveCfg = Release|Any CPU
		{1BCF045E-D2A4-445A-8731-620A43EC82F4}.Release|Any CPU.Build.0 = Release|Any CPU
	EndGlobalSection
EndGlobal
